{
  "lockfileVersion": 3,
  "name": "dotfiles-agent-generator",
  "packages": {
    "": {
      "dependencies": {
        "handlebars": "^4.7.8",
        "js-yaml": "^4.1.0"
      },
      "name": "dotfiles-agent-generator"
    },
    "node_modules/argparse": {
      "integrity": "sha512-8+9WqebbFzpX9OR+Wa6O29asIogeRMzcGtAINdpMHHyAg10f05aSFVBbcEqGf/PXw1EjAZ+q2/bEBg3DvurK3Q==",
      "license": "Python-2.0",
      "resolved": "https://registry.npmjs.org/argparse/-/argparse-2.0.1.tgz",
      "version": "2.0.1"
    },
    "node_modules/handlebars": {
      "bin": {
        "handlebars": "bin/handlebars"
      },
      "dependencies": {
        "minimist": "^1.2.5",
        "neo-async": "^2.6.2",
        "source-map": "^0.6.1",
        "wordwrap": "^1.0.0"
      },
      "engines": {
        "node": ">=0.4.7"
      },
      "integrity": "sha512-vafaFqs8MZkRrSX7sFVUdo3ap/eNiLnb4IakshzvP56X5Nr1iGKAIqdX6tMlm6HcNRIkr6AxO5jFEoJzzpT8aQ==",
      "license": "MIT",
      "optionalDependencies": {
        "uglify-js": "^3.1.4"
      },
      "resolved": "https://registry.npmjs.org/handlebars/-/handlebars-4.7.8.tgz",
      "version": "4.7.8"
    },
    "node_modules/js-yaml": {
      "bin": {
        "js-yaml": "bin/js-yaml.js"
      },
      "dependencies": {
        "argparse": "^2.0.1"
      },
      "integrity": "sha512-qQKT4zQxXl8lLwBtHMWwaTcGfFOZviOJet3Oy/xmGk2gZH677CJM9EvtfdSkgWcATZhj/55JZ0rmy3myCT5lsA==",
      "license": "MIT",
      "resolved": "https://registry.npmjs.org/js-yaml/-/js-yaml-4.1.1.tgz",
      "version": "4.1.1"
    },
    "node_modules/minimist": {
      "funding": {
        "url": "https://github.com/sponsors/ljharb"
      },
      "integrity": "sha512-2yyAR8qBkN3YuheJanUpWC5U3bb5osDywNB8RzDVlDwDHbocAJveqqj1u8+SVD7jkWT4yvsHCpWqqWqAxb0zCA==",
      "license": "MIT",
      "resolved": "https://registry.npmjs.org/minimist/-/minimist-1.2.8.tgz",
      "version": "1.2.8"
    },
    "node_modules/neo-async": {
      "integrity": "sha512-Yd3UES5mWCSqR+qNT93S3UoYUkqAZ9lLg8a7g9rimsWmYGK8cVToA4/sF3RrshdyV3sAGMXVUmpMYOw+dLpOuw==",
      "license": "MIT",
      "resolved": "https://registry.npmjs.org/neo-async/-/neo-async-2.6.2.tgz",
      "version": "2.6.2"
    },
    "node_modules/source-map": {
      "engines": {
        "node": ">=0.10.0"
      },
      "integrity": "sha512-UjgapumWlbMhkBgzT7Ykc5YXUT46F0iKu8SGXq0bcwP5dz/h0Plj6enJqjz1Zbq2l5WaqYnrVbwWOWMyF3F47g==",
      "license": "BSD-3-Clause",
      "resolved": "https://registry.npmjs.org/source-map/-/source-map-0.6.1.tgz",
      "version": "0.6.1"
    },
    "node_modules/uglify-js": {
      "bin": {
        "uglifyjs": "bin/uglifyjs"
      },
      "engines": {
        "node": ">=0.8.0"
      },
      "integrity": "sha512-v3Xu+yuwBXisp6QYTcH4UbH+xYJXqnq2m/LtQVWKWzYc1iehYnLixoQDN9FH6/j9/oybfd6W9Ghwkl8+UMKTKQ==",
      "license": "BSD-2-Clause",
      "optional": true,
      "resolved": "https://registry.npmjs.org/uglify-js/-/uglify-js-3.19.3.tgz",
      "version": "3.19.3"
    },
    "node_modules/wordwrap": {
      "integrity": "sha512-gvVzJFlPycKc5dZN4yPkP8w7Dc37BtP1yczEneOb4uq34pXZcvrtRTmWV8W+Ume+XCxKgbjM+nevkyFPMybd4Q==",
      "license": "MIT",
      "resolved": "https://registry.npmjs.org/wordwrap/-/wordwrap-1.0.0.tgz",
      "version": "1.0.0"
    }
  },
  "requires": true
}
